
Microsoft Visual Studio Solution File, Format Version 12.00
# Visual Studio Version 16
VisualStudioVersion = 16.0.30320.27
MinimumVisualStudioVersion = 10.0.40219.1
Project("{FAE04EC0-301F-11D3-BF4B-00C04F79EFBC}") = "ClusterImagesClipper", "ClusterImagesClipper\ClusterImagesClipper.csproj", "{19A055FD-3EC0-4371-9D8E-D5FBB88A2218}"
EndProject
Global
	GlobalSection(SolutionConfigurationPlatforms) = preSolution
		Debug|Any CPU = Debug|Any CPU
		Release|Any CPU = Release|Any CPU
	EndGlobalSection
	GlobalSection(ProjectConfigurationPlatforms) = postSolution
		{19A055FD-3EC0-4371-9D8E-D5FBB88A2218}.Debug|Any CPU.ActiveCfg = Debug|Any CPU
		{19A055FD-3EC0-4371-9D8E-D5FBB88A2218}.Debug|Any CPU.Build.0 = Debug|Any CPU
		{19A055FD-3EC0-4371-9D8E-D5FBB88A2218}.Release|Any CPU.ActiveCfg = Release|Any CPU
		{19A055FD-3EC0-4371-9D8E-D5FBB88A2218}.Release|Any CPU.Build.0 = Release|Any CPU
	EndGlobalSection
	GlobalSection(SolutionProperties) = preSolution
		HideSolutionNode = FALSE
	EndGlobalSection
	GlobalSection(ExtensibilityGlobals) = postSolution
		SolutionGuid = {FD7D7189-D85C-4195-B438-98AC717E4DBD}
	EndGlobalSection
EndGlobal
